
Microsoft Visual Studio Solution File, Format Version 12.00
# Visual Studio Version 17
VisualStudioVersion = 17.4.33103.184
MinimumVisualStudioVersion = 10.0.40219.1
Project("{FAE04EC0-301F-11D3-BF4B-00C04F79EFBC}") = "20Speed Tools", "20Speed Tools\20Speed Tools.csproj", "{518D1BA4-7511-4B38-83B2-DD56FAFE8C1A}"
EndProject
Global
	GlobalSection(SolutionConfigurationPlatforms) = preSolution
		Debug|Any CPU = Debug|Any CPU
		Release|Any CPU = Release|Any CPU
	EndGlobalSection
	GlobalSection(ProjectConfigurationPlatforms) = postSolution
		{518D1BA4-7511-4B38-83B2-DD56FAFE8C1A}.Debug|Any CPU.ActiveCfg = Debug|Any CPU
		{518D1BA4-7511-4B38-83B2-DD56FAFE8C1A}.Debug|Any CPU.Build.0 = Debug|Any CPU
		{518D1BA4-7511-4B38-83B2-DD56FAFE8C1A}.Release|Any CPU.ActiveCfg = Release|Any CPU
		{518D1BA4-7511-4B38-83B2-DD56FAFE8C1A}.Release|Any CPU.Build.0 = Release|Any CPU
	EndGlobalSection
	GlobalSection(SolutionProperties) = preSolution
		HideSolutionNode = FALSE
	EndGlobalSection
	GlobalSection(ExtensibilityGlobals) = postSolution
		SolutionGuid = {F238AB47-5B40-404A-A773-A193FD883387}
	EndGlobalSection
EndGlobal
